<?xml version="1.0" encoding="utf-8"?>
<Project ToolsVersion="4.0" xmlns="http://schemas.microsoft.com/developer/msbuild/2003">
  <ItemGroup>
    <Filter Include="Source Files">
      <UniqueIdentifier>{4FC737F1-C7A5-4376-A066-2A32D752A2FF}</UniqueIdentifier>
      <Extensions>cpp;c;cc;cxx;c++;cppm;ixx;def;odl;idl;hpj;bat;asm;asmx</Extensions>
    </Filter>
    <Filter Include="Header Files">
      <UniqueIdentifier>{93995380-89BD-4b04-88EB-625FBE52EBFB}</UniqueIdentifier>
      <Extensions>h;hh;hpp;hxx;h++;hm;inl;inc;ipp;xsd</Extensions>
    </Filter>
    <Filter Include="Resource Files">
      <UniqueIdentifier>{67DA6AB6-F800-4c08-8B7A-83BB121AAD01}</UniqueIdentifier>
      <Extensions>rc;ico;cur;bmp;dlg;rc2;rct;bin;rgs;gif;jpg;jpeg;jpe;resx;tiff;tif;png;wav;mfcribbon-ms</Extensions>
    </Filter>
    <Filter Include="Header Files\Behavior Tree">
      <UniqueIdentifier>{e002b2ea-2b14-498a-a55a-c280a71ee155}</UniqueIdentifier>
    </Filter>
    <Filter Include="Header Files\Behavior Tree\Decorators">
      <UniqueIdentifier>{a580a6d0-a391-471d-a5f4-2d2461305204}</UniqueIdentifier>
    </Filter>
    <Filter Include="Header Files\Screens">
      <UniqueIdentifier>{2e1e57c5-6e51-4836-a45a-e25e5f6efed1}</UniqueIdentifier>
    </Filter>
    <Filter Include="Source Files\Screens">
      <UniqueIdentifier>{263a1ca0-c9c5-4807-a31d-042bd6a13707}</UniqueIdentifier>
    </Filter>
    <Filter Include="Header Files\Behaviors">
      <UniqueIdentifier>{bab69564-335a-479c-869f-2a268a7b55f3}</UniqueIdentifier>
    </Filter>
    <Filter Include="Header Files\Managers">
      <UniqueIdentifier>{d9f01c2f-a286-43f8-98f3-349ecd9cc5b5}</UniqueIdentifier>
    </Filter>
    <Filter Include="Header Files\Behavior Tree\Modular Tasks">
      <UniqueIdentifier>{d9e26dc8-3f63-4928-b285-a03991ba4908}</UniqueIdentifier>
    </Filter>
    <Filter Include="Source Files\BehaviorTree">
      <UniqueIdentifier>{ae770bba-fdc8-4423-abda-8eca39a8c77e}</UniqueIdentifier>
    </Filter>
    <Filter Include="Source Files\BehaviorTree\Task">
      <UniqueIdentifier>{cbbcd962-d7b3-464f-8f1f-87d327a6a094}</UniqueIdentifier>
    </Filter>
    <Filter Include="Source Files\BehaviorTree\Decorator">
      <UniqueIdentifier>{6d6e0dad-a411-40eb-bc4a-1abb67ac3aa8}</UniqueIdentifier>
    </Filter>
    <Filter Include="Source Files\Behavior">
      <UniqueIdentifier>{81543779-b7eb-4c4e-89a7-2d36197e9aaa}</UniqueIdentifier>
    </Filter>
    <Filter Include="Source Files\Engine">
      <UniqueIdentifier>{3596e23b-dd01-4e77-a5cf-c45186641860}</UniqueIdentifier>
    </Filter>
    <Filter Include="Source Files\Engine\Physics">
      <UniqueIdentifier>{6f5590e8-e928-49e2-81d0-40e02850395b}</UniqueIdentifier>
    </Filter>
    <Filter Include="Source Files\Engine\Entities">
      <UniqueIdentifier>{ff0ca0b8-7098-403a-8a52-68b6f1932f09}</UniqueIdentifier>
    </Filter>
    <Filter Include="Source Files\Managers">
      <UniqueIdentifier>{7464c4af-6bb5-4e0b-be17-adc9432f5cf5}</UniqueIdentifier>
    </Filter>
    <Filter Include="Header Files\Engine">
      <UniqueIdentifier>{870ebeb6-ecfb-4f2f-bc0e-e5c663e7f28d}</UniqueIdentifier>
    </Filter>
    <Filter Include="Header Files\Engine\Physics">
      <UniqueIdentifier>{8d99071f-eaca-40eb-9feb-948d9865ede8}</UniqueIdentifier>
    </Filter>
    <Filter Include="Header Files\Engine\Entities">
      <UniqueIdentifier>{52a41906-1d35-4937-8f82-c6901d9eadc3}</UniqueIdentifier>
    </Filter>
  </ItemGroup>
  <ItemGroup>
    <ClCompile Include="main.cpp">
      <Filter>Source Files</Filter>
    </ClCompile>
    <ClCompile Include="GameEntity.cpp">
      <Filter>Source Files\Engine\Entities</Filter>
    </ClCompile>
    <ClCompile Include="texture.cpp">
      <Filter>Source Files\Engine\Entities</Filter>
    </ClCompile>
    <ClCompile Include="Bullet.cpp">
      <Filter>Source Files\Engine\Entities</Filter>
    </ClCompile>
    <ClCompile Include="Enemy.cpp">
      <Filter>Source Files\Engine\Entities</Filter>
    </ClCompile>
    <ClCompile Include="Collider.cpp">
      <Filter>Source Files\Engine\Physics</Filter>
    </ClCompile>
    <ClCompile Include="PhysicEntity.cpp">
      <Filter>Source Files\Engine\Physics</Filter>
    </ClCompile>
    <ClCompile Include="BoxCollider.cpp">
      <Filter>Source Files\Engine\Physics</Filter>
    </ClCompile>
    <ClCompile Include="PhysicsManager.cpp">
      <Filter>Source Files\Engine\Physics</Filter>
    </ClCompile>
    <ClCompile Include="CircleCollider.cpp">
      <Filter>Source Files\Engine\Physics</Filter>
    </ClCompile>
    <ClCompile Include="AIEngine.cpp">
      <Filter>Source Files</Filter>
    </ClCompile>
    <ClCompile Include="AssetManager.cpp">
      <Filter>Source Files\Managers</Filter>
    </ClCompile>
    <ClCompile Include="AudioManager.cpp">
      <Filter>Source Files\Managers</Filter>
    </ClCompile>
    <ClCompile Include="gameManager.cpp">
      <Filter>Source Files\Managers</Filter>
    </ClCompile>
    <ClCompile Include="InputManager.cpp">
      <Filter>Source Files\Managers</Filter>
    </ClCompile>
    <ClCompile Include="ScreenManager.cpp">
      <Filter>Source Files\Managers</Filter>
    </ClCompile>
    <ClCompile Include="Player.cpp">
      <Filter>Source Files\Engine\Entities</Filter>
    </ClCompile>
    <ClCompile Include="Ship.cpp">
      <Filter>Source Files\Engine\Entities</Filter>
    </ClCompile>
    <ClCompile Include="StartScreen.cpp">
      <Filter>Source Files\Screens</Filter>
    </ClCompile>
    <ClCompile Include="PlayScreen.cpp">
      <Filter>Source Files\Screens</Filter>
    </ClCompile>
    <ClCompile Include="Sequence.cpp">
      <Filter>Source Files\BehaviorTree</Filter>
    </ClCompile>
    <ClCompile Include="Selector.cpp">
      <Filter>Source Files\BehaviorTree</Filter>
    </ClCompile>
    <ClCompile Include="GetPlayerTask.cpp">
      <Filter>Source Files\BehaviorTree\Task</Filter>
    </ClCompile>
    <ClCompile Include="MoveToTask.cpp">
      <Filter>Source Files\BehaviorTree\Task</Filter>
    </ClCompile>
    <ClCompile Include="Node.cpp">
      <Filter>Source Files\BehaviorTree\Task</Filter>
    </ClCompile>
    <ClCompile Include="Tasks.cpp">
      <Filter>Source Files\BehaviorTree\Task</Filter>
    </ClCompile>
    <ClCompile Include="TaskDecorator.cpp">
      <Filter>Source Files\BehaviorTree\Decorator</Filter>
    </ClCompile>
    <ClCompile Include="TaskController.cpp">
      <Filter>Source Files\BehaviorTree</Filter>
    </ClCompile>
    <ClCompile Include="ParentTaskController.cpp">
      <Filter>Source Files\BehaviorTree</Filter>
    </ClCompile>
    <ClCompile Include="ParentTask.cpp">
      <Filter>Source Files\BehaviorTree\Task</Filter>
    </ClCompile>
    <ClCompile Include="BehaviorTree.cpp">
      <Filter>Source Files\BehaviorTree</Filter>
    </ClCompile>
    <ClCompile Include="ChanceDecorator.cpp">
      <Filter>Source Files\BehaviorTree\Decorator</Filter>
    </ClCompile>
    <ClCompile Include="Blackboard.cpp">
      <Filter>Source Files\BehaviorTree</Filter>
    </ClCompile>
    <ClCompile Include="Behavior.cpp">
      <Filter>Source Files\Behavior</Filter>
    </ClCompile>
    <ClCompile Include="FleeBehavior.cpp">
      <Filter>Source Files\Behavior</Filter>
    </ClCompile>
    <ClCompile Include="FleeDestinationTask.cpp">
      <Filter>Source Files\BehaviorTree\Task</Filter>
    </ClCompile>
    <ClCompile Include="Logger.cpp">
      <Filter>Source Files</Filter>
    </ClCompile>
    <ClCompile Include="ShootBehavior.cpp">
      <Filter>Source Files\Behavior</Filter>
    </ClCompile>
    <ClCompile Include="EnemyShootTask.cpp">
      <Filter>Source Files\BehaviorTree\Task</Filter>
    </ClCompile>
    <ClCompile Include="CloseToPlayerDecorator.cpp">
      <Filter>Source Files\BehaviorTree\Decorator</Filter>
    </ClCompile>
    <ClCompile Include="ChaseDestinationTask.cpp">
      <Filter>Source Files\BehaviorTree\Task</Filter>
    </ClCompile>
    <ClCompile Include="IdleTask.cpp">
      <Filter>Source Files\BehaviorTree\Task</Filter>
    </ClCompile>
    <ClCompile Include="SeekBehavior.cpp">
      <Filter>Source Files\Behavior</Filter>
    </ClCompile>
    <ClCompile Include="FacePlayerTask.cpp">
      <Filter>Source Files\BehaviorTree\Task</Filter>
    </ClCompile>
    <ClCompile Include="IdleBehavior.cpp">
      <Filter>Source Files\Behavior</Filter>
    </ClCompile>
    <ClCompile Include="EnemyType.cpp">
      <Filter>Source Files</Filter>
    </ClCompile>
    <ClCompile Include="FaceAwayPlayerTask.cpp">
      <Filter>Source Files\BehaviorTree\Task</Filter>
    </ClCompile>
    <ClCompile Include="AnimatedTexture.cpp">
      <Filter>Source Files\Engine\Entities</Filter>
    </ClCompile>
    <ClCompile Include="graphics.cpp">
      <Filter>Source Files\Engine</Filter>
    </ClCompile>
    <ClCompile Include="timer.cpp">
      <Filter>Source Files\Engine</Filter>
    </ClCompile>
    <ClCompile Include="TopPlayBar.cpp">
      <Filter>Source Files\Screens</Filter>
    </ClCompile>
  </ItemGroup>
  <ItemGroup>
    <ClInclude Include="GameEntity.h">
      <Filter>Header Files\Engine\Entities</Filter>
    </ClInclude>
    <ClInclude Include="texture.h">
      <Filter>Header Files\Engine\Entities</Filter>
    </ClInclude>
    <ClInclude Include="Bullet.h">
      <Filter>Header Files\Engine\Entities</Filter>
    </ClInclude>
    <ClInclude Include="Collider.h">
      <Filter>Header Files\Engine\Physics</Filter>
    </ClInclude>
    <ClInclude Include="PhysicEntity.h">
      <Filter>Header Files\Engine\Physics</Filter>
    </ClInclude>
    <ClInclude Include="BoxCollider.h">
      <Filter>Header Files\Engine\Physics</Filter>
    </ClInclude>
    <ClInclude Include="Enemy.h">
      <Filter>Header Files\Engine\Entities</Filter>
    </ClInclude>
    <ClInclude Include="PhysicsManager.h">
      <Filter>Header Files\Engine\Physics</Filter>
    </ClInclude>
    <ClInclude Include="PhysicsHelper.h">
      <Filter>Header Files\Engine\Physics</Filter>
    </ClInclude>
    <ClInclude Include="CircleCollider.h">
      <Filter>Header Files\Engine\Physics</Filter>
    </ClInclude>
    <ClInclude Include="AudioManager.h">
      <Filter>Header Files\Managers</Filter>
    </ClInclude>
    <ClInclude Include="AssetManager.h">
      <Filter>Header Files\Managers</Filter>
    </ClInclude>
    <ClInclude Include="gameManager.h">
      <Filter>Header Files\Managers</Filter>
    </ClInclude>
    <ClInclude Include="InputManager.h">
      <Filter>Header Files\Managers</Filter>
    </ClInclude>
    <ClInclude Include="ScreenManager.h">
      <Filter>Header Files\Managers</Filter>
    </ClInclude>
    <ClInclude Include="AIEngine.h">
      <Filter>Header Files</Filter>
    </ClInclude>
    <ClInclude Include="Node.h">
      <Filter>Header Files\Behavior Tree</Filter>
    </ClInclude>
    <ClInclude Include="Selector.h">
      <Filter>Header Files\Behavior Tree</Filter>
    </ClInclude>
    <ClInclude Include="Sequence.h">
      <Filter>Header Files\Behavior Tree</Filter>
    </ClInclude>
    <ClInclude Include="Ship.h">
      <Filter>Header Files\Engine\Entities</Filter>
    </ClInclude>
    <ClInclude Include="Player.h">
      <Filter>Header Files\Engine\Entities</Filter>
    </ClInclude>
    <ClInclude Include="PlayScreen.h">
      <Filter>Header Files\Screens</Filter>
    </ClInclude>
    <ClInclude Include="StartScreen.h">
      <Filter>Header Files\Screens</Filter>
    </ClInclude>
    <ClInclude Include="Behavior.h">
      <Filter>Header Files\Behaviors</Filter>
    </ClInclude>
    <ClInclude Include="FleeBehavior.h">
      <Filter>Header Files\Behaviors</Filter>
    </ClInclude>
    <ClInclude Include="SeekBehavior.h">
      <Filter>Header Files\Behaviors</Filter>
    </ClInclude>
    <ClInclude Include="ShootBehavior.h">
      <Filter>Header Files\Behaviors</Filter>
    </ClInclude>
    <ClInclude Include="Tasks.h">
      <Filter>Header Files\Behavior Tree</Filter>
    </ClInclude>
    <ClInclude Include="GetPlayerTask.h">
      <Filter>Header Files\Behavior Tree\Modular Tasks</Filter>
    </ClInclude>
    <ClInclude Include="Blackboard.h">
      <Filter>Header Files\Behavior Tree</Filter>
    </ClInclude>
    <ClInclude Include="MoveToTask.h">
      <Filter>Header Files\Behavior Tree\Modular Tasks</Filter>
    </ClInclude>
    <ClInclude Include="ParentTask.h">
      <Filter>Header Files\Behavior Tree</Filter>
    </ClInclude>
    <ClInclude Include="TaskController.h">
      <Filter>Header Files\Behavior Tree</Filter>
    </ClInclude>
    <ClInclude Include="ParentTaskController.h">
      <Filter>Header Files\Behavior Tree</Filter>
    </ClInclude>
    <ClInclude Include="TaskDecorator.h">
      <Filter>Header Files\Behavior Tree\Decorators</Filter>
    </ClInclude>
    <ClInclude Include="BehaviorTree.h">
      <Filter>Header Files\Behavior Tree</Filter>
    </ClInclude>
    <ClInclude Include="ChanceDecorator.h">
      <Filter>Header Files\Behavior Tree\Decorators</Filter>
    </ClInclude>
    <ClInclude Include="FleeDestinationTask.h">
      <Filter>Header Files\Behavior Tree\Modular Tasks</Filter>
    </ClInclude>
    <ClInclude Include="Logger.h">
      <Filter>Header Files</Filter>
    </ClInclude>
    <ClInclude Include="ChaseDestinationTask.h">
      <Filter>Header Files\Behavior Tree\Modular Tasks</Filter>
    </ClInclude>
    <ClInclude Include="EnemyShootTask.h">
      <Filter>Header Files\Behavior Tree\Modular Tasks</Filter>
    </ClInclude>
    <ClInclude Include="IdleTask.h">
      <Filter>Header Files\Behavior Tree\Modular Tasks</Filter>
    </ClInclude>
    <ClInclude Include="CloseToPlayerDecorator.h">
      <Filter>Header Files\Behavior Tree\Decorators</Filter>
    </ClInclude>
    <ClInclude Include="IdleBehavior.h">
      <Filter>Header Files\Behaviors</Filter>
    </ClInclude>
    <ClInclude Include="FacePlayerTask.h">
      <Filter>Header Files\Behavior Tree\Modular Tasks</Filter>
    </ClInclude>
    <ClInclude Include="FaceAwayPlayerTask.h">
      <Filter>Header Files\Behavior Tree\Modular Tasks</Filter>
    </ClInclude>
    <ClInclude Include="EnemyType.h">
      <Filter>Header Files</Filter>
    </ClInclude>
    <ClInclude Include="AnimatedTexture.h">
      <Filter>Header Files\Engine\Entities</Filter>
    </ClInclude>
    <ClInclude Include="TopPlayBar.h">
      <Filter>Header Files\Screens</Filter>
    </ClInclude>
    <ClInclude Include="graphics.h">
      <Filter>Header Files\Engine</Filter>
    </ClInclude>
    <ClInclude Include="MathHelper.h">
      <Filter>Header Files\Engine</Filter>
    </ClInclude>
    <ClInclude Include="timer.h">
      <Filter>Header Files\Engine</Filter>
    </ClInclude>
  </ItemGroup>
  <ItemGroup>
    <Xml Include="SeekEnemy.xml">
      <Filter>Resource Files</Filter>
    </Xml>
    <Xml Include="FleeEnemy.xml">
      <Filter>Resource Files</Filter>
    </Xml>
    <Xml Include="SeekFleeShootEnemy.xml">
      <Filter>Resource Files</Filter>
    </Xml>
    <Xml Include="SeekShootEnemy.xml">
      <Filter>Resource Files</Filter>
    </Xml>
  </ItemGroup>
  <ItemGroup>
    <None Include="packages.config" />
    <None Include="ClassDiagram.cd" />
  </ItemGroup>
</Project>